
Microsoft Visual Studio Solution File, Format Version 12.00
# Visual Studio Version 16
VisualStudioVersion = 16.0.31829.152
MinimumVisualStudioVersion = 10.0.40219.1
Project("{FAE04EC0-301F-11D3-BF4B-00C04F79EFBC}") = "task_7.2", "task_7.2\task_7.2.csproj", "{1F98FFBB-8A99-4DE6-89D1-5961F26FF7B7}"
EndProject
Global
	GlobalSection(SolutionConfigurationPlatforms) = preSolution
		Debug|Any CPU = Debug|Any CPU
		Release|Any CPU = Release|Any CPU
	EndGlobalSection
	GlobalSection(ProjectConfigurationPlatforms) = postSolution
		{1F98FFBB-8A99-4DE6-89D1-5961F26FF7B7}.Debug|Any CPU.ActiveCfg = Debug|Any CPU
		{1F98FFBB-8A99-4DE6-89D1-5961F26FF7B7}.Debug|Any CPU.Build.0 = Debug|Any CPU
		{1F98FFBB-8A99-4DE6-89D1-5961F26FF7B7}.Release|Any CPU.ActiveCfg = Release|Any CPU
		{1F98FFBB-8A99-4DE6-89D1-5961F26FF7B7}.Release|Any CPU.Build.0 = Release|Any CPU
	EndGlobalSection
	GlobalSection(SolutionProperties) = preSolution
		HideSolutionNode = FALSE
	EndGlobalSection
	GlobalSection(ExtensibilityGlobals) = postSolution
		SolutionGuid = {080D1651-ED01-40F7-8513-5A92840A6EB2}
	EndGlobalSection
EndGlobal
